
Microsoft Visual Studio Solution File, Format Version 12.00
# Visual Studio Version 16
VisualStudioVersion = 16.0.31515.178
MinimumVisualStudioVersion = 10.0.40219.1
Project("{9A19103F-16F7-4668-BE54-9A1E7A4F7556}") = "SendMailFunction", "SendMailFunction\SendMailFunction.csproj", "{2EA05759-D48C-47C3-9B03-EF5B3EE695E8}"
EndProject
Global
	GlobalSection(SolutionConfigurationPlatforms) = preSolution
		Debug|Any CPU = Debug|Any CPU
		Release|Any CPU = Release|Any CPU
	EndGlobalSection
	GlobalSection(ProjectConfigurationPlatforms) = postSolution
		{2EA05759-D48C-47C3-9B03-EF5B3EE695E8}.Debug|Any CPU.ActiveCfg = Debug|Any CPU
		{2EA05759-D48C-47C3-9B03-EF5B3EE695E8}.Debug|Any CPU.Build.0 = Debug|Any CPU
		{2EA05759-D48C-47C3-9B03-EF5B3EE695E8}.Release|Any CPU.ActiveCfg = Release|Any CPU
		{2EA05759-D48C-47C3-9B03-EF5B3EE695E8}.Release|Any CPU.Build.0 = Release|Any CPU
	EndGlobalSection
	GlobalSection(SolutionProperties) = preSolution
		HideSolutionNode = FALSE
	EndGlobalSection
	GlobalSection(ExtensibilityGlobals) = postSolution
		SolutionGuid = {1E241230-FAD0-468E-9D14-4A86D68BFA92}
	EndGlobalSection
EndGlobal
